
Microsoft Visual Studio Solution File, Format Version 12.00
# Visual Studio Version 16
VisualStudioVersion = 16.0.31205.134
MinimumVisualStudioVersion = 10.0.40219.1
Project("{9A19103F-16F7-4668-BE54-9A1E7A4F7556}") = "OnlineShop.API", "OnlineShop.API.csproj", "{1CB91010-C25D-40C2-94C0-F2E91F2311AE}"
EndProject
Project("{9A19103F-16F7-4668-BE54-9A1E7A4F7556}") = "OnlineShop.Core", "..\OnlineShop.Core\OnlineShop.Core.csproj", "{5A4C3246-6E5B-43A0-B6C8-A281D14D4A8F}"
EndProject
Project("{9A19103F-16F7-4668-BE54-9A1E7A4F7556}") = "OnlineShop.BLL", "..\OnlineShop.BLL\OnlineShop.BLL.csproj", "{3848BB40-65B2-4DA7-9C7C-184DECE75A93}"
EndProject
Project("{9A19103F-16F7-4668-BE54-9A1E7A4F7556}") = "OnlineShop.DAL", "..\OnlineShop.DAL\OnlineShop.DAL.csproj", "{1AF3938D-EB13-4D97-BAF9-351CFF937D9E}"
EndProject
Project("{FAE04EC0-301F-11D3-BF4B-00C04F79EFBC}") = "OnlineShop.Extension", "..\OnlineShop.Extension\OnlineShop.Extension.csproj", "{3B73860B-4AF7-4CE4-89CC-2CB5362C8B6B}"
EndProject
Global
	GlobalSection(SolutionConfigurationPlatforms) = preSolution
		Debug|Any CPU = Debug|Any CPU
		Release|Any CPU = Release|Any CPU
	EndGlobalSection
	GlobalSection(ProjectConfigurationPlatforms) = postSolution
		{1CB91010-C25D-40C2-94C0-F2E91F2311AE}.Debug|Any CPU.ActiveCfg = Debug|Any CPU
		{1CB91010-C25D-40C2-94C0-F2E91F2311AE}.Debug|Any CPU.Build.0 = Debug|Any CPU
		{1CB91010-C25D-40C2-94C0-F2E91F2311AE}.Release|Any CPU.ActiveCfg = Release|Any CPU
		{1CB91010-C25D-40C2-94C0-F2E91F2311AE}.Release|Any CPU.Build.0 = Release|Any CPU
		{5A4C3246-6E5B-43A0-B6C8-A281D14D4A8F}.Debug|Any CPU.ActiveCfg = Debug|Any CPU
		{5A4C3246-6E5B-43A0-B6C8-A281D14D4A8F}.Debug|Any CPU.Build.0 = Debug|Any CPU
		{5A4C3246-6E5B-43A0-B6C8-A281D14D4A8F}.Release|Any CPU.ActiveCfg = Release|Any CPU
		{5A4C3246-6E5B-43A0-B6C8-A281D14D4A8F}.Release|Any CPU.Build.0 = Release|Any CPU
		{3848BB40-65B2-4DA7-9C7C-184DECE75A93}.Debug|Any CPU.ActiveCfg = Debug|Any CPU
		{3848BB40-65B2-4DA7-9C7C-184DECE75A93}.Debug|Any CPU.Build.0 = Debug|Any CPU
		{3848BB40-65B2-4DA7-9C7C-184DECE75A93}.Release|Any CPU.ActiveCfg = Release|Any CPU
		{3848BB40-65B2-4DA7-9C7C-184DECE75A93}.Release|Any CPU.Build.0 = Release|Any CPU
		{1AF3938D-EB13-4D97-BAF9-351CFF937D9E}.Debug|Any CPU.ActiveCfg = Debug|Any CPU
		{1AF3938D-EB13-4D97-BAF9-351CFF937D9E}.Debug|Any CPU.Build.0 = Debug|Any CPU
		{1AF3938D-EB13-4D97-BAF9-351CFF937D9E}.Release|Any CPU.ActiveCfg = Release|Any CPU
		{1AF3938D-EB13-4D97-BAF9-351CFF937D9E}.Release|Any CPU.Build.0 = Release|Any CPU
		{3B73860B-4AF7-4CE4-89CC-2CB5362C8B6B}.Debug|Any CPU.ActiveCfg = Debug|Any CPU
		{3B73860B-4AF7-4CE4-89CC-2CB5362C8B6B}.Debug|Any CPU.Build.0 = Debug|Any CPU
		{3B73860B-4AF7-4CE4-89CC-2CB5362C8B6B}.Release|Any CPU.ActiveCfg = Release|Any CPU
		{3B73860B-4AF7-4CE4-89CC-2CB5362C8B6B}.Release|Any CPU.Build.0 = Release|Any CPU
	EndGlobalSection
	GlobalSection(SolutionProperties) = preSolution
		HideSolutionNode = FALSE
	EndGlobalSection
	GlobalSection(ExtensibilityGlobals) = postSolution
		SolutionGuid = {5F1365BA-019F-49A9-8BF3-079073B4D98C}
	EndGlobalSection
EndGlobal
